
Microsoft Visual Studio Solution File, Format Version 12.00
# Visual Studio Version 16
VisualStudioVersion = 16.0.30907.101
MinimumVisualStudioVersion = 10.0.40219.1
Project("{FAE04EC0-301F-11D3-BF4B-00C04F79EFBC}") = "Calculator", "Calculator\Calculator.csproj", "{66BA7CA4-930B-4ECC-B1A4-D0E968E10851}"
EndProject
Global
	GlobalSection(SolutionConfigurationPlatforms) = preSolution
		Debug|Any CPU = Debug|Any CPU
		Release|Any CPU = Release|Any CPU
	EndGlobalSection
	GlobalSection(ProjectConfigurationPlatforms) = postSolution
		{66BA7CA4-930B-4ECC-B1A4-D0E968E10851}.Debug|Any CPU.ActiveCfg = Debug|Any CPU
		{66BA7CA4-930B-4ECC-B1A4-D0E968E10851}.Debug|Any CPU.Build.0 = Debug|Any CPU
		{66BA7CA4-930B-4ECC-B1A4-D0E968E10851}.Release|Any CPU.ActiveCfg = Release|Any CPU
		{66BA7CA4-930B-4ECC-B1A4-D0E968E10851}.Release|Any CPU.Build.0 = Release|Any CPU
	EndGlobalSection
	GlobalSection(SolutionProperties) = preSolution
		HideSolutionNode = FALSE
	EndGlobalSection
	GlobalSection(ExtensibilityGlobals) = postSolution
		SolutionGuid = {4D73A10A-0493-4C17-AD1C-27DA6D656DD0}
	EndGlobalSection
EndGlobal
