
Microsoft Visual Studio Solution File, Format Version 12.00
# Visual Studio Version 16
VisualStudioVersion = 16.0.30907.101
MinimumVisualStudioVersion = 10.0.40219.1
Project("{9A19103F-16F7-4668-BE54-9A1E7A4F7556}") = "SumOf3", "Participation1\SumOf3.csproj", "{9C0A8174-E315-4130-840C-109AEB75BF33}"
EndProject
Project("{FAE04EC0-301F-11D3-BF4B-00C04F79EFBC}") = "Conditional-CoinToss", "Conditional-CoinToss\Conditional-CoinToss.csproj", "{887A4AEF-A769-4985-970A-9292181D8D9B}"
EndProject
Global
	GlobalSection(SolutionConfigurationPlatforms) = preSolution
		Debug|Any CPU = Debug|Any CPU
		Release|Any CPU = Release|Any CPU
	EndGlobalSection
	GlobalSection(ProjectConfigurationPlatforms) = postSolution
		{9C0A8174-E315-4130-840C-109AEB75BF33}.Debug|Any CPU.ActiveCfg = Debug|Any CPU
		{9C0A8174-E315-4130-840C-109AEB75BF33}.Debug|Any CPU.Build.0 = Debug|Any CPU
		{9C0A8174-E315-4130-840C-109AEB75BF33}.Release|Any CPU.ActiveCfg = Release|Any CPU
		{9C0A8174-E315-4130-840C-109AEB75BF33}.Release|Any CPU.Build.0 = Release|Any CPU
		{887A4AEF-A769-4985-970A-9292181D8D9B}.Debug|Any CPU.ActiveCfg = Debug|Any CPU
		{887A4AEF-A769-4985-970A-9292181D8D9B}.Debug|Any CPU.Build.0 = Debug|Any CPU
		{887A4AEF-A769-4985-970A-9292181D8D9B}.Release|Any CPU.ActiveCfg = Release|Any CPU
		{887A4AEF-A769-4985-970A-9292181D8D9B}.Release|Any CPU.Build.0 = Release|Any CPU
	EndGlobalSection
	GlobalSection(SolutionProperties) = preSolution
		HideSolutionNode = FALSE
	EndGlobalSection
	GlobalSection(ExtensibilityGlobals) = postSolution
		SolutionGuid = {3D80B680-50EF-46E6-8D50-1D7AFF2F3F22}
	EndGlobalSection
EndGlobal
